
Microsoft Visual Studio Solution File, Format Version 12.00
# Visual Studio Version 17
VisualStudioVersion = 17.12.35506.116
MinimumVisualStudioVersion = 10.0.40219.1
Project("{FAE04EC0-301F-11D3-BF4B-00C04F79EFBC}") = "StoresLand-API", "StoresLand-API\StoresLand-API.csproj", "{47233B45-3EC8-436B-A056-3A8936453DD1}"
EndProject
Project("{FAE04EC0-301F-11D3-BF4B-00C04F79EFBC}") = "StoresPlace-Front", "StoresPlace-Front\StoresPlace-Front.csproj", "{48EE1145-88EC-4616-AB3E-FC8D1C017964}"
EndProject
Global
	GlobalSection(SolutionConfigurationPlatforms) = preSolution
		Debug|Any CPU = Debug|Any CPU
		Release|Any CPU = Release|Any CPU
	EndGlobalSection
	GlobalSection(ProjectConfigurationPlatforms) = postSolution
		{47233B45-3EC8-436B-A056-3A8936453DD1}.Debug|Any CPU.ActiveCfg = Debug|Any CPU
		{47233B45-3EC8-436B-A056-3A8936453DD1}.Debug|Any CPU.Build.0 = Debug|Any CPU
		{47233B45-3EC8-436B-A056-3A8936453DD1}.Release|Any CPU.ActiveCfg = Release|Any CPU
		{47233B45-3EC8-436B-A056-3A8936453DD1}.Release|Any CPU.Build.0 = Release|Any CPU
		{48EE1145-88EC-4616-AB3E-FC8D1C017964}.Debug|Any CPU.ActiveCfg = Debug|Any CPU
		{48EE1145-88EC-4616-AB3E-FC8D1C017964}.Debug|Any CPU.Build.0 = Debug|Any CPU
		{48EE1145-88EC-4616-AB3E-FC8D1C017964}.Debug|Any CPU.Deploy.0 = Debug|Any CPU
		{48EE1145-88EC-4616-AB3E-FC8D1C017964}.Release|Any CPU.ActiveCfg = Release|Any CPU
		{48EE1145-88EC-4616-AB3E-FC8D1C017964}.Release|Any CPU.Build.0 = Release|Any CPU
		{48EE1145-88EC-4616-AB3E-FC8D1C017964}.Release|Any CPU.Deploy.0 = Release|Any CPU
	EndGlobalSection
	GlobalSection(SolutionProperties) = preSolution
		HideSolutionNode = FALSE
	EndGlobalSection
EndGlobal
